// !$*UTF8*$!
{
	archiveVersion = 1;
	classes = {
	};
	objectVersion = 46;
	objects = {

/* Begin PBXBuildFile section */
		AA86D4EC1B4CB90D007D485E /* main.m in Sources */ = {isa = PBXBuildFile; fileRef = AA86D4EB1B4CB90D007D485E /* main.m */; };
		AA86D4EF1B4CB90D007D485E /* AppDelegate.m in Sources */ = {isa = PBXBuildFile; fileRef = AA86D4EE1B4CB90D007D485E /* AppDelegate.m */; };
		AA86D4F21B4CB90D007D485E /* EWViewController.m in Sources */ = {isa = PBXBuildFile; fileRef = AA86D4F11B4CB90D007D485E /* EWViewController.m */; };
		AA86D4F51B4CB90D007D485E /* Main.storyboard in Resources */ = {isa = PBXBuildFile; fileRef = AA86D4F31B4CB90D007D485E /* Main.storyboard */; };
		AA86D4F71B4CB90D007D485E /* Images.xcassets in Resources */ = {isa = PBXBuildFile; fileRef = AA86D4F61B4CB90D007D485E /* Images.xcassets */; };
		AA86D4FA1B4CB90D007D485E /* LaunchScreen.xib in Resources */ = {isa = PBXBuildFile; fileRef = AA86D4F81B4CB90D007D485E /* LaunchScreen.xib */; };
		AA86D5061B4CB90D007D485E /* EWSegmentViewTests.m in Sources */ = {isa = PBXBuildFile; fileRef = AA86D5051B4CB90D007D485E /* EWSegmentViewTests.m */; };
		AA86D5121B4CB960007D485E /* EWSegmentView.m in Sources */ = {isa = PBXBuildFile; fileRef = AA86D5111B4CB960007D485E /* EWSegmentView.m */; };
		AA86D5151B4CB985007D485E /* EWSegmentHeadView.m in Sources */ = {isa = PBXBuildFile; fileRef = AA86D5141B4CB985007D485E /* EWSegmentHeadView.m */; };
		AA86D5181B4CB9B5007D485E /* EWSegmentHeadButton.m in Sources */ = {isa = PBXBuildFile; fileRef = AA86D5171B4CB9B5007D485E /* EWSegmentHeadButton.m */; };
/* End PBXBuildFile section */

/* Begin PBXContainerItemProxy section */
		AA86D5001B4CB90D007D485E /* PBXContainerItemProxy */ = {
			isa = PBXContainerItemProxy;
			containerPortal = AA86D4DE1B4CB90D007D485E /* Project object */;
			proxyType = 1;
			remoteGlobalIDString = AA86D4E51B4CB90D007D485E;
			remoteInfo = EWSegmentView;
		};
/* End PBXContainerItemProxy section */

/* Begin PBXFileReference section */
		AA86D4E61B4CB90D007D485E /* EWSegmentView.app */ = {isa = PBXFileReference; explicitFileType = wrapper.application; includeInIndex = 0; path = EWSegmentView.app; sourceTree = BUILT_PRODUCTS_DIR; };
		AA86D4EA1B4CB90D007D485E /* Info.plist */ = {isa = PBXFileReference; lastKnownFileType = text.plist.xml; path = Info.plist; sourceTree = "<group>"; };
		AA86D4EB1B4CB90D007D485E /* main.m */ = {isa = PBXFileReference; lastKnownFileType = sourcecode.c.objc; path = main.m; sourceTree = "<group>"; };
		AA86D4ED1B4CB90D007D485E /* AppDelegate.h */ = {isa = PBXFileReference; lastKnownFileType = sourcecode.c.h; path = AppDelegate.h; sourceTree = "<group>"; };
		AA86D4EE1B4CB90D007D485E /* AppDelegate.m */ = {isa = PBXFileReference; lastKnownFileType = sourcecode.c.objc; path = AppDelegate.m; sourceTree = "<group>"; };
		AA86D4F01B4CB90D007D485E /* EWViewController.h */ = {isa = PBXFileReference; lastKnownFileType = sourcecode.c.h; path = EWViewController.h; sourceTree = "<group>"; };
		AA86D4F11B4CB90D007D485E /* EWViewController.m */ = {isa = PBXFileReference; lastKnownFileType = sourcecode.c.objc; path = EWViewController.m; sourceTree = "<group>"; };
		AA86D4F41B4CB90D007D485E /* Base */ = {isa = PBXFileReference; lastKnownFileType = file.storyboard; name = Base; path = Base.lproj/Main.storyboard; sourceTree = "<group>"; };
		AA86D4F61B4CB90D007D485E /* Images.xcassets */ = {isa = PBXFileReference; lastKnownFileType = folder.assetcatalog; path = Images.xcassets; sourceTree = "<group>"; };
		AA86D4F91B4CB90D007D485E /* Base */ = {isa = PBXFileReference; lastKnownFileType = file.xib; name = Base; path = Base.lproj/LaunchScreen.xib; sourceTree = "<group>"; };
		AA86D4FF1B4CB90D007D485E /* EWSegmentViewTests.xctest */ = {isa = PBXFileReference; explicitFileType = wrapper.cfbundle; includeInIndex = 0; path = EWSegmentViewTests.xctest; sourceTree = BUILT_PRODUCTS_DIR; };
		AA86D5041B4CB90D007D485E /* Info.plist */ = {isa = PBXFileReference; lastKnownFileType = text.plist.xml; path = Info.plist; sourceTree = "<group>"; };
		AA86D5051B4CB90D007D485E /* EWSegmentViewTests.m */ = {isa = PBXFileReference; lastKnownFileType = sourcecode.c.objc; path = EWSegmentViewTests.m; sourceTree = "<group>"; };
		AA86D5101B4CB960007D485E /* EWSegmentView.h */ = {isa = PBXFileReference; fileEncoding = 4; lastKnownFileType = sourcecode.c.h; path = EWSegmentView.h; sourceTree = "<group>"; };
		AA86D5111B4CB960007D485E /* EWSegmentView.m */ = {isa = PBXFileReference; fileEncoding = 4; lastKnownFileType = sourcecode.c.objc; path = EWSegmentView.m; sourceTree = "<group>"; };
		AA86D5131B4CB985007D485E /* EWSegmentHeadView.h */ = {isa = PBXFileReference; fileEncoding = 4; lastKnownFileType = sourcecode.c.h; path = EWSegmentHeadView.h; sourceTree = "<group>"; };
		AA86D5141B4CB985007D485E /* EWSegmentHeadView.m */ = {isa = PBXFileReference; fileEncoding = 4; lastKnownFileType = sourcecode.c.objc; path = EWSegmentHeadView.m; sourceTree = "<group>"; };
		AA86D5161B4CB9B5007D485E /* EWSegmentHeadButton.h */ = {isa = PBXFileReference; fileEncoding = 4; lastKnownFileType = sourcecode.c.h; path = EWSegmentHeadButton.h; sourceTree = "<group>"; };
		AA86D5171B4CB9B5007D485E /* EWSegmentHeadButton.m */ = {isa = PBXFileReference; fileEncoding = 4; lastKnownFileType = sourcecode.c.objc; path = EWSegmentHeadButton.m; sourceTree = "<group>"; };
/* End PBXFileReference section */

/* Begin PBXFrameworksBuildPhase section */
		AA86D4E31B4CB90D007D485E /* Frameworks */ = {
			isa = PBXFrameworksBuildPhase;
			buildActionMask = 2147483647;
			files = (
			);
			runOnlyForDeploymentPostprocessing = 0;
		};
		AA86D4FC1B4CB90D007D485E /* Frameworks */ = {
			isa = PBXFrameworksBuildPhase;
			buildActionMask = 2147483647;
			files = (
			);
			runOnlyForDeploymentPostprocessing = 0;
		};
/* End PBXFrameworksBuildPhase section */

/* Begin PBXGroup section */
		AA86D4DD1B4CB90D007D485E = {
			isa = PBXGroup;
			children = (
				AA86D4E81B4CB90D007D485E /* EWSegmentView */,
				AA86D5021B4CB90D007D485E /* EWSegmentViewTests */,
				AA86D4E71B4CB90D007D485E /* Products */,
			);
			sourceTree = "<group>";
		};
		AA86D4E71B4CB90D007D485E /* Products */ = {
			isa = PBXGroup;
			children = (
				AA86D4E61B4CB90D007D485E /* EWSegmentView.app */,
				AA86D4FF1B4CB90D007D485E /* EWSegmentViewTests.xctest */,
			);
			name = Products;
			sourceTree = "<group>";
		};
		AA86D4E81B4CB90D007D485E /* EWSegmentView */ = {
			isa = PBXGroup;
			children = (
				AA86D50F1B4CB930007D485E /* SegmentView */,
				AA86D4ED1B4CB90D007D485E /* AppDelegate.h */,
				AA86D4EE1B4CB90D007D485E /* AppDelegate.m */,
				AA86D4F01B4CB90D007D485E /* EWViewController.h */,
				AA86D4F11B4CB90D007D485E /* EWViewController.m */,
				AA86D4F31B4CB90D007D485E /* Main.storyboard */,
				AA86D4F61B4CB90D007D485E /* Images.xcassets */,
				AA86D4F81B4CB90D007D485E /* LaunchScreen.xib */,
				AA86D4E91B4CB90D007D485E /* Supporting Files */,
			);
			path = EWSegmentView;
			sourceTree = "<group>";
		};
		AA86D4E91B4CB90D007D485E /* Supporting Files */ = {
			isa = PBXGroup;
			children = (
				AA86D4EA1B4CB90D007D485E /* Info.plist */,
				AA86D4EB1B4CB90D007D485E /* main.m */,
			);
			name = "Supporting Files";
			sourceTree = "<group>";
		};
		AA86D5021B4CB90D007D485E /* EWSegmentViewTests */ = {
			isa = PBXGroup;
			children = (
				AA86D5051B4CB90D007D485E /* EWSegmentViewTests.m */,
				AA86D5031B4CB90D007D485E /* Supporting Files */,
			);
			path = EWSegmentViewTests;
			sourceTree = "<group>";
		};
		AA86D5031B4CB90D007D485E /* Supporting Files */ = {
			isa = PBXGroup;
			children = (
				AA86D5041B4CB90D007D485E /* Info.plist */,
			);
			name = "Supporting Files";
			sourceTree = "<group>";
		};
		AA86D50F1B4CB930007D485E /* SegmentView */ = {
			isa = PBXGroup;
			children = (
				AA86D5101B4CB960007D485E /* EWSegmentView.h */,
				AA86D5111B4CB960007D485E /* EWSegmentView.m */,
				AA86D5131B4CB985007D485E /* EWSegmentHeadView.h */,
				AA86D5141B4CB985007D485E /* EWSegmentHeadView.m */,
				AA86D5161B4CB9B5007D485E /* EWSegmentHeadButton.h */,
				AA86D5171B4CB9B5007D485E /* EWSegmentHeadButton.m */,
			);
			path = SegmentView;
			sourceTree = "<group>";
		};
/* End PBXGroup section */

/* Begin PBXNativeTarget section */
		AA86D4E51B4CB90D007D485E /* EWSegmentView */ = {
			isa = PBXNativeTarget;
			buildConfigurationList = AA86D5091B4CB90D007D485E /* Build configuration list for PBXNativeTarget "EWSegmentView" */;
			buildPhases = (
				AA86D4E21B4CB90D007D485E /* Sources */,
				AA86D4E31B4CB90D007D485E /* Frameworks */,
				AA86D4E41B4CB90D007D485E /* Resources */,
			);
			buildRules = (
			);
			dependencies = (
			);
			name = EWSegmentView;
			productName = EWSegmentView;
			productReference = AA86D4E61B4CB90D007D485E /* EWSegmentView.app */;
			productType = "com.apple.product-type.application";
		};
		AA86D4FE1B4CB90D007D485E /* EWSegmentViewTests */ = {
			isa = PBXNativeTarget;
			buildConfigurationList = AA86D50C1B4CB90D007D485E /* Build configuration list for PBXNativeTarget "EWSegmentViewTests" */;
			buildPhases = (
				AA86D4FB1B4CB90D007D485E /* Sources */,
				AA86D4FC1B4CB90D007D485E /* Frameworks */,
				AA86D4FD1B4CB90D007D485E /* Resources */,
			);
			buildRules = (
			);
			dependencies = (
				AA86D5011B4CB90D007D485E /* PBXTargetDependency */,
			);
			name = EWSegmentViewTests;
			productName = EWSegmentViewTests;
			productReference = AA86D4FF1B4CB90D007D485E /* EWSegmentViewTests.xctest */;
			productType = "com.apple.product-type.bundle.unit-test";
		};
/* End PBXNativeTarget section */

/* Begin PBXProject section */
		AA86D4DE1B4CB90D007D485E /* Project object */ = {
			isa = PBXProject;
			attributes = {
				LastUpgradeCheck = 0610;
				ORGANIZATIONNAME = wansy;
				TargetAttributes = {
					AA86D4E51B4CB90D007D485E = {
						CreatedOnToolsVersion = 6.1.1;
					};
					AA86D4FE1B4CB90D007D485E = {
						CreatedOnToolsVersion = 6.1.1;
						TestTargetID = AA86D4E51B4CB90D007D485E;
					};
				};
			};
			buildConfigurationList = AA86D4E11B4CB90D007D485E /* Build configuration list for PBXProject "EWSegmentView" */;
			compatibilityVersion = "Xcode 3.2";
			developmentRegion = English;
			hasScannedForEncodings = 0;
			knownRegions = (
				en,
				Base,
			);
			mainGroup = AA86D4DD1B4CB90D007D485E;
			productRefGroup = AA86D4E71B4CB90D007D485E /* Products */;
			projectDirPath = "";
			projectRoot = "";
			targets = (
				AA86D4E51B4CB90D007D485E /* EWSegmentView */,
				AA86D4FE1B4CB90D007D485E /* EWSegmentViewTests */,
			);
		};
/* End PBXProject section */

/* Begin PBXResourcesBuildPhase section */
		AA86D4E41B4CB90D007D485E /* Resources */ = {
			isa = PBXResourcesBuildPhase;
			buildActionMask = 2147483647;
			files = (
				AA86D4F51B4CB90D007D485E /* Main.storyboard in Resources */,
				AA86D4FA1B4CB90D007D485E /* LaunchScreen.xib in Resources */,
				AA86D4F71B4CB90D007D485E /* Images.xcassets in Resources */,
			);
			runOnlyForDeploymentPostprocessing = 0;
		};
		AA86D4FD1B4CB90D007D485E /* Resources */ = {
			isa = PBXResourcesBuildPhase;
			buildActionMask = 2147483647;
			files = (
			);
			runOnlyForDeploymentPostprocessing = 0;
		};
/* End PBXResourcesBuildPhase section */

/* Begin PBXSourcesBuildPhase section */
		AA86D4E21B4CB90D007D485E /* Sources */ = {
			isa = PBXSourcesBuildPhase;
			buildActionMask = 2147483647;
			files = (
				AA86D5121B4CB960007D485E /* EWSegmentView.m in Sources */,
				AA86D4F21B4CB90D007D485E /* EWViewController.m in Sources */,
				AA86D4EF1B4CB90D007D485E /* AppDelegate.m in Sources */,
				AA86D5181B4CB9B5007D485E /* EWSegmentHeadButton.m in Sources */,
				AA86D5151B4CB985007D485E /* EWSegmentHeadView.m in Sources */,
				AA86D4EC1B4CB90D007D485E /* main.m in Sources */,
			);
			runOnlyForDeploymentPostprocessing = 0;
		};
		AA86D4FB1B4CB90D007D485E /* Sources */ = {
			isa = PBXSourcesBuildPhase;
			buildActionMask = 2147483647;
			files = (
				AA86D5061B4CB90D007D485E /* EWSegmentViewTests.m in Sources */,
			);
			runOnlyForDeploymentPostprocessing = 0;
		};
/* End PBXSourcesBuildPhase section */

/* Begin PBXTargetDependency section */
		AA86D5011B4CB90D007D485E /* PBXTargetDependency */ = {
			isa = PBXTargetDependency;
			target = AA86D4E51B4CB90D007D485E /* EWSegmentView */;
			targetProxy = AA86D5001B4CB90D007D485E /* PBXContainerItemProxy */;
		};
/* End PBXTargetDependency section */

/* Begin PBXVariantGroup section */
		AA86D4F31B4CB90D007D485E /* Main.storyboard */ = {
			isa = PBXVariantGroup;
			children = (
				AA86D4F41B4CB90D007D485E /* Base */,
			);
			name = Main.storyboard;
			sourceTree = "<group>";
		};
		AA86D4F81B4CB90D007D485E /* LaunchScreen.xib */ = {
			isa = PBXVariantGroup;
			children = (
				AA86D4F91B4CB90D007D485E /* Base */,
			);
			name = LaunchScreen.xib;
			sourceTree = "<group>";
		};
/* End PBXVariantGroup section */

/* Begin XCBuildConfiguration section */
		AA86D5071B4CB90D007D485E /* Debug */ = {
			isa = XCBuildConfiguration;
			buildSettings = {
				ALWAYS_SEARCH_USER_PATHS = NO;
				CLANG_CXX_LANGUAGE_STANDARD = "gnu++0x";
				CLANG_CXX_LIBRARY = "libc++";
				CLANG_ENABLE_MODULES = YES;
				CLANG_ENABLE_OBJC_ARC = YES;
				CLANG_WARN_BOOL_CONVERSION = YES;
				CLANG_WARN_CONSTANT_CONVERSION = YES;
				CLANG_WARN_DIRECT_OBJC_ISA_USAGE = YES_ERROR;
				CLANG_WARN_EMPTY_BODY = YES;
				CLANG_WARN_ENUM_CONVERSION = YES;
				CLANG_WARN_INT_CONVERSION = YES;
				CLANG_WARN_OBJC_ROOT_CLASS = YES_ERROR;
				CLANG_WARN_UNREACHABLE_CODE = YES;
				CLANG_WARN__DUPLICATE_METHOD_MATCH = YES;
				"CODE_SIGN_IDENTITY[sdk=iphoneos*]" = "iPhone Developer";
				COPY_PHASE_STRIP = NO;
				ENABLE_STRICT_OBJC_MSGSEND = YES;
				GCC_C_LANGUAGE_STANDARD = gnu99;
				GCC_DYNAMIC_NO_PIC = NO;
				GCC_OPTIMIZATION_LEVEL = 0;
				GCC_PREPROCESSOR_DEFINITIONS = (
					"DEBUG=1",
					"$(inherited)",
				);
				GCC_SYMBOLS_PRIVATE_EXTERN = NO;
				GCC_WARN_64_TO_32_BIT_CONVERSION = YES;
				GCC_WARN_ABOUT_RETURN_TYPE = YES_ERROR;
				GCC_WARN_UNDECLARED_SELECTOR = YES;
				GCC_WARN_UNINITIALIZED_AUTOS = YES_AGGRESSIVE;
				GCC_WARN_UNUSED_FUNCTION = YES;
				GCC_WARN_UNUSED_VARIABLE = YES;
				IPHONEOS_DEPLOYMENT_TARGET = 8.1;
				MTL_ENABLE_DEBUG_INFO = YES;
				ONLY_ACTIVE_ARCH = YES;
				SDKROOT = iphoneos;
				TARGETED_DEVICE_FAMILY = "1,2";
			};
			name = Debug;
		};
		AA86D5081B4CB90D007D485E /* Release */ = {
			isa = XCBuildConfiguration;
			buildSettings = {
				ALWAYS_SEARCH_USER_PATHS = NO;
				CLANG_CXX_LANGUAGE_STANDARD = "gnu++0x";
				CLANG_CXX_LIBRARY = "libc++";
				CLANG_ENABLE_MODULES = YES;
				CLANG_ENABLE_OBJC_ARC = YES;
				CLANG_WARN_BOOL_CONVERSION = YES;
				CLANG_WARN_CONSTANT_CONVERSION = YES;
				CLANG_WARN_DIRECT_OBJC_ISA_USAGE = YES_ERROR;
				CLANG_WARN_EMPTY_BODY = YES;
				CLANG_WARN_ENUM_CONVERSION = YES;
				CLANG_WARN_INT_CONVERSION = YES;
				CLANG_WARN_OBJC_ROOT_CLASS = YES_ERROR;
				CLANG_WARN_UNREACHABLE_CODE = YES;
				CLANG_WARN__DUPLICATE_METHOD_MATCH = YES;
				"CODE_SIGN_IDENTITY[sdk=iphoneos*]" = "iPhone Developer";
				COPY_PHASE_STRIP = YES;
				ENABLE_NS_ASSERTIONS = NO;
				ENABLE_STRICT_OBJC_MSGSEND = YES;
				GCC_C_LANGUAGE_STANDARD = gnu99;
				GCC_WARN_64_TO_32_BIT_CONVERSION = YES;
				GCC_WARN_ABOUT_RETURN_TYPE = YES_ERROR;
				GCC_WARN_UNDECLARED_SELECTOR = YES;
				GCC_WARN_UNINITIALIZED_AUTOS = YES_AGGRESSIVE;
				GCC_WARN_UNUSED_FUNCTION = YES;
				GCC_WARN_UNUSED_VARIABLE = YES;
				IPHONEOS_DEPLOYMENT_TARGET = 8.1;
				MTL_ENABLE_DEBUG_INFO = NO;
				SDKROOT = iphoneos;
				TARGETED_DEVICE_FAMILY = "1,2";
				VALIDATE_PRODUCT = YES;
			};
			name = Release;
		};
		AA86D50A1B4CB90D007D485E /* Debug */ = {
			isa = XCBuildConfiguration;
			buildSettings = {
				ASSETCATALOG_COMPILER_APPICON_NAME = AppIcon;
				INFOPLIST_FILE = EWSegmentView/Info.plist;
				LD_RUNPATH_SEARCH_PATHS = "$(inherited) @executable_path/Frameworks";
				PRODUCT_NAME = "$(TARGET_NAME)";
			};
			name = Debug;
		};
		AA86D50B1B4CB90D007D485E /* Release */ = {
			isa = XCBuildConfiguration;
			buildSettings = {
				ASSETCATALOG_COMPILER_APPICON_NAME = AppIcon;
				INFOPLIST_FILE = EWSegmentView/Info.plist;
				LD_RUNPATH_SEARCH_PATHS = "$(inherited) @executable_path/Frameworks";
				PRODUCT_NAME = "$(TARGET_NAME)";
			};
			name = Release;
		};
		AA86D50D1B4CB90D007D485E /* Debug */ = {
			isa = XCBuildConfiguration;
			buildSettings = {
				BUNDLE_LOADER = "$(TEST_HOST)";
				FRAMEWORK_SEARCH_PATHS = (
					"$(SDKROOT)/Developer/Library/Frameworks",
					"$(inherited)",
				);
				GCC_PREPROCESSOR_DEFINITIONS = (
					"DEBUG=1",
					"$(inherited)",
				);
				INFOPLIST_FILE = EWSegmentViewTests/Info.plist;
				LD_RUNPATH_SEARCH_PATHS = "$(inherited) @executable_path/Frameworks @loader_path/Frameworks";
				PRODUCT_NAME = "$(TARGET_NAME)";
				TEST_HOST = "$(BUILT_PRODUCTS_DIR)/EWSegmentView.app/EWSegmentView";
			};
			name = Debug;
		};
		AA86D50E1B4CB90D007D485E /* Release */ = {
			isa = XCBuildConfiguration;
			buildSettings = {
				BUNDLE_LOADER = "$(TEST_HOST)";
				FRAMEWORK_SEARCH_PATHS = (
					"$(SDKROOT)/Developer/Library/Frameworks",
					"$(inherited)",
				);
				INFOPLIST_FILE = EWSegmentViewTests/Info.plist;
				LD_RUNPATH_SEARCH_PATHS = "$(inherited) @executable_path/Frameworks @loader_path/Frameworks";
				PRODUCT_NAME = "$(TARGET_NAME)";
				TEST_HOST = "$(BUILT_PRODUCTS_DIR)/EWSegmentView.app/EWSegmentView";
			};
			name = Release;
		};
/* End XCBuildConfiguration section */

/* Begin XCConfigurationList section */
		AA86D4E11B4CB90D007D485E /* Build configuration list for PBXProject "EWSegmentView" */ = {
			isa = XCConfigurationList;
			buildConfigurations = (
				AA86D5071B4CB90D007D485E /* Debug */,
				AA86D5081B4CB90D007D485E /* Release */,
			);
			defaultConfigurationIsVisible = 0;
			defaultConfigurationName = Release;
		};
		AA86D5091B4CB90D007D485E /* Build configuration list for PBXNativeTarget "EWSegmentView" */ = {
			isa = XCConfigurationList;
			buildConfigurations = (
				AA86D50A1B4CB90D007D485E /* Debug */,
				AA86D50B1B4CB90D007D485E /* Release */,
			);
			defaultConfigurationIsVisible = 0;
		};
		AA86D50C1B4CB90D007D485E /* Build configuration list for PBXNativeTarget "EWSegmentViewTests" */ = {
			isa = XCConfigurationList;
			buildConfigurations = (
				AA86D50D1B4CB90D007D485E /* Debug */,
				AA86D50E1B4CB90D007D485E /* Release */,
			);
			defaultConfigurationIsVisible = 0;
		};
/* End XCConfigurationList section */
	};
	rootObject = AA86D4DE1B4CB90D007D485E /* Project object */;
}
